# THIS IS AN AUTOGENERATED FILE. DO NOT EDIT THIS FILE DIRECTLY.
# yarn lockfile v1


"@liff/add-to-home-screen@2.21.4":
  version "2.21.4"
  resolved "https://registry.yarnpkg.com/@liff/add-to-home-screen/-/add-to-home-screen-2.21.4.tgz#de300e3426f057945761ee8285626ac9eb3d9be0"
  integrity sha512-F/ib3t9nywxGU1FpqJGm1QEk2ggrNwN1HRrIy+u1CAU8cFCbofq1WLPWpOWMBT/YZ9RN7m1UpW6m/OvkV4TYdQ==
  dependencies:
    "@liff/check-availability" "2.21.4"
    "@liff/consts" "2.21.4"
    "@liff/is-in-client" "2.21.4"
    "@liff/is-sub-window" "2.21.4"
    "@liff/native-bridge" "2.21.4"
    "@liff/open-window" "2.21.4"
    "@liff/util" "2.21.4"

"@liff/analytics@2.21.4":
  version "2.21.4"
  resolved "https://registry.yarnpkg.com/@liff/analytics/-/analytics-2.21.4.tgz#e44ccb2fbda788450a2a1bdacb657dc68a9acae2"
  integrity sha512-p98gbFPNSoyMtDrEC7uqAQJVfxLtMAyc+B9lQfM8yIsNABzc8AvMma4ADmih3sjdYde+is2xdz/sd8r5ompEZw==
  dependencies:
    "@liff/consts" "2.21.4"
    "@liff/get-profile" "2.21.4"
    "@liff/get-version" "2.21.4"
    "@liff/is-logged-in" "2.21.4"
    "@liff/logger" "2.21.4"
    "@liff/store" "2.21.4"
    "@liff/types" "2.21.4"
    "@liff/use" "2.21.4"
    "@liff/util" "2.21.4"

"@liff/check-availability@2.21.4":
  version "2.21.4"
  resolved "https://registry.yarnpkg.com/@liff/check-availability/-/check-availability-2.21.4.tgz#4400ababd8de9ab91108cf5304985b424059a7aa"
  integrity sha512-3jwqKi7nuL4QoOCRwc7Aqqx4JR0zo4zfDwOjQ19VQtRBvNXrX2WP3fr6/9310IbxMRXZGAhalpiGK1csSBPYOA==
  dependencies:
    "@liff/get-version" "2.21.4"
    "@liff/is-api-available" "2.21.4"
    "@liff/util" "2.21.4"

"@liff/close-window@2.21.4":
  version "2.21.4"
  resolved "https://registry.yarnpkg.com/@liff/close-window/-/close-window-2.21.4.tgz#631cdd8eeaae6132ca0b3708d29f8fd01bb71177"
  integrity sha512-/RaOvloq9i6fYNyPvVs+9Gj0q/q66WL33AHPGKQk3xaSGP33nXrvaUOYiWbdQcs2qhyGoWs+/5DSDpV3YohItQ==
  dependencies:
    "@liff/get-line-version" "2.21.4"
    "@liff/get-os" "2.21.4"
    "@liff/native-bridge" "2.21.4"
    "@liff/util" "2.21.4"

"@liff/consts@2.21.4":
  version "2.21.4"
  resolved "https://registry.yarnpkg.com/@liff/consts/-/consts-2.21.4.tgz#61ed98c8ce9417ea122324433b65c604c6176d3b"
  integrity sha512-8KEF8f2Wt2Eju1njmSZMWZCNY0mqxqPpDz5WWsPNp4oW6wieRRoly+TVWk0zGzjmAeChD7Ow4QtzufAiAZidbA==

"@liff/extensions@2.21.4":
  version "2.21.4"
  resolved "https://registry.yarnpkg.com/@liff/extensions/-/extensions-2.21.4.tgz#0f9fc78f33c5f63ece0d77b8dd5fea6e32a24909"
  integrity sha512-NdE7V9mzNgl3pjh+Nh7ZZBWUFB+D5apVKxfqi4+tGw6kV4mmrer7eSDS5qDuWljh+Q+OxaUzsB2l+QSmSvz8xw==
  dependencies:
    "@liff/add-to-home-screen" "2.21.4"
    "@liff/check-availability" "2.21.4"
    "@liff/consts" "2.21.4"
    "@liff/get-advertising-id" "2.21.4"
    "@liff/get-line-version" "2.21.4"
    "@liff/get-os" "2.21.4"
    "@liff/logger" "2.21.4"
    "@liff/scan-code" "2.21.4"
    "@liff/store" "2.21.4"
    "@liff/util" "2.21.4"

"@liff/get-advertising-id@2.21.4":
  version "2.21.4"
  resolved "https://registry.yarnpkg.com/@liff/get-advertising-id/-/get-advertising-id-2.21.4.tgz#aafa2d5922314e6ed878f338ec3aa76d04763bb8"
  integrity sha512-L6AIESrHOGbhBl6q6IfWd/yfjKUgAV8isubZ6IyTbR33rNjcs4hz7oiza495lKEIdyh9JPuNALqO0XN76eRxuQ==
  dependencies:
    "@liff/check-availability" "2.21.4"
    "@liff/consts" "2.21.4"
    "@liff/native-bridge" "2.21.4"
    "@liff/util" "2.21.4"

"@liff/get-friendship@2.21.4":
  version "2.21.4"
  resolved "https://registry.yarnpkg.com/@liff/get-friendship/-/get-friendship-2.21.4.tgz#01ca88dc00b2224ae60afa199270389d3cf1a1d6"
  integrity sha512-7p3xhFj/wlBF7RKd1oPS5mD3Py2eHCcKR5dSW9xA3trZUtNVfUe9IwXQLqkerNgORWlTFdfTmsL7JGfJfCmr5w==
  dependencies:
    "@liff/server-api" "2.21.4"

"@liff/get-language@2.21.4":
  version "2.21.4"
  resolved "https://registry.yarnpkg.com/@liff/get-language/-/get-language-2.21.4.tgz#19146e8513ccfdcb277651fba39f55c189f1229b"
  integrity sha512-0F662z4OummEOPnA3SmNO7dq/U22AE2mG+l/rSGhcAQ/GqhCxzx5def4BPhJHTwDs3E2QbnvK1bpJU7+hzTadA==

"@liff/get-line-version@2.21.4":
  version "2.21.4"
  resolved "https://registry.yarnpkg.com/@liff/get-line-version/-/get-line-version-2.21.4.tgz#5eae47ed4d0c766f64445467cf0108abacfd6c01"
  integrity sha512-KFMHTsyoLyTKO729y4znVG+lpoe/SfXX11sc7E2eHsKQuxWZrsN/Ygmgf2mBoDi6jxyPkqH4e7Wksu01DW6JFg==

"@liff/get-os@2.21.4":
  version "2.21.4"
  resolved "https://registry.yarnpkg.com/@liff/get-os/-/get-os-2.21.4.tgz#87f6f55b330e9ca5904955617ad7f5f3877231c1"
  integrity sha512-vAutReY4WTphVF0iIe9wL62Svw8Noymrd6+7NkeAbflitEEdAQarqTKjxvACU/vBNngbLhxhKSQK3WNzySfiYg==

"@liff/get-profile@2.21.4":
  version "2.21.4"
  resolved "https://registry.yarnpkg.com/@liff/get-profile/-/get-profile-2.21.4.tgz#ce271b2135ab6e6089b8c9ff5f7a4ece96b76839"
  integrity sha512-3J5L2BwCJZQ16mxG40TYMokQ1xlKQPL8y9ODQtokR/fSsojLZouPaPzJpw0SrMM0tBt2ljCkJxynkHrRFTeydg==
  dependencies:
    "@liff/server-api" "2.21.4"

"@liff/get-version@2.21.4":
  version "2.21.4"
  resolved "https://registry.yarnpkg.com/@liff/get-version/-/get-version-2.21.4.tgz#beecc66dbe4805c50f57080b15c1ea6c163286b4"
  integrity sha512-UrJijRiNybDVG8rReY/FgLB8Hx/ggBms5TwWmD3MbOvdsx1HlILAJrOsezJ+LdOtbRu7OzqtuBlmmxuTXIav+A==

"@liff/hooks@2.21.4":
  version "2.21.4"
  resolved "https://registry.yarnpkg.com/@liff/hooks/-/hooks-2.21.4.tgz#52dd3650555a351386370e941fd5bbbd9ed6f0dd"
  integrity sha512-XjT81otX3jCQ0ZEahjTaZpzcVEoxrm3+bxXqbRmMHwZhmwPswQan2ITPZ4tvTiXNWtOk5Nhd19vXub/XWWvoXQ==

"@liff/i18n@2.21.4":
  version "2.21.4"
  resolved "https://registry.yarnpkg.com/@liff/i18n/-/i18n-2.21.4.tgz#4ff42ecead665f8042354de8ca49b3f2c65e249e"
  integrity sha512-L4XqzsTetvqrCcgYPFcKnRiZRdr+I4BLbuLwd8M+yhd/6ieRpc6/aFLb5hDn8lh9UPbn5lRdczexIN1vSWfQ/g==
  dependencies:
    "@liff/consts" "2.21.4"
    "@liff/server-api" "2.21.4"
    "@liff/use" "2.21.4"
    "@liff/util" "2.21.4"

"@liff/init@2.21.4":
  version "2.21.4"
  resolved "https://registry.yarnpkg.com/@liff/init/-/init-2.21.4.tgz#a5adc64b4a91b3ece791b43b04a8382f51c10ca1"
  integrity sha512-xuFTY9rDUBkbheVqRWCeKMQz2pM9oBwC/zLSN3oaQla65GuSU2ASxOcH9kYt77IGDccK6Pl7SNsdG6HJNmyVtg==
  dependencies:
    "@liff/close-window" "2.21.4"
    "@liff/consts" "2.21.4"
    "@liff/extensions" "2.21.4"
    "@liff/get-line-version" "2.21.4"
    "@liff/get-os" "2.21.4"
    "@liff/hooks" "2.21.4"
    "@liff/i18n" "2.21.4"
    "@liff/is-api-available" "2.21.4"
    "@liff/is-in-client" "2.21.4"
    "@liff/is-logged-in" "2.21.4"
    "@liff/is-sub-window" "2.21.4"
    "@liff/logger" "2.21.4"
    "@liff/login" "2.21.4"
    "@liff/logout" "2.21.4"
    "@liff/message-bus" "2.21.4"
    "@liff/native-bridge" "2.21.4"
    "@liff/ready" "2.21.4"
    "@liff/server-api" "2.21.4"
    "@liff/store" "2.21.4"
    "@liff/sub-window" "2.21.4"
    "@liff/types" "2.21.4"
    "@liff/use" "2.21.4"
    "@liff/util" "2.21.4"

"@liff/is-api-available@2.21.4":
  version "2.21.4"
  resolved "https://registry.yarnpkg.com/@liff/is-api-available/-/is-api-available-2.21.4.tgz#76b4dc082a0e47bd53a31840da87cca6ffa31aef"
  integrity sha512-4OMPBNbKehdqlIq5hy1kqp2cDGYCqTWe7lNQhUf3LUmq0QnYyF+i2LaOQIR4mCEvQN/VI+5CJrGHzfq0hyBcpA==
  dependencies:
    "@liff/consts" "2.21.4"
    "@liff/get-line-version" "2.21.4"
    "@liff/is-in-client" "2.21.4"
    "@liff/is-logged-in" "2.21.4"
    "@liff/store" "2.21.4"
    "@liff/util" "2.21.4"

"@liff/is-in-client@2.21.4":
  version "2.21.4"
  resolved "https://registry.yarnpkg.com/@liff/is-in-client/-/is-in-client-2.21.4.tgz#c6d91ae5a1ffeb5be0a4670dfd729f43ed3f6f44"
  integrity sha512-betrvBaF+hCSPdfSjGr5e9oROhD3OPz3jMI/TG5WCKQcjVJ1P6L1O+hm2zkBIFWwxv2B7ZsB7y0u+FzKn2wHPA==
  dependencies:
    "@liff/consts" "2.21.4"
    "@liff/util" "2.21.4"

"@liff/is-logged-in@2.21.4":
  version "2.21.4"
  resolved "https://registry.yarnpkg.com/@liff/is-logged-in/-/is-logged-in-2.21.4.tgz#c6fe1362938dff7aacb752bd6480badc2967bddf"
  integrity sha512-KCPTcLIdr7Dyq0047hoZxVtdZyjhLr2BhQl9326dNnoDzkr9xUUX0GoSD/rw5wD2MqTc9p6hsLHfIUXnh+I6zA==
  dependencies:
    "@liff/store" "2.21.4"

"@liff/is-sub-window@2.21.4":
  version "2.21.4"
  resolved "https://registry.yarnpkg.com/@liff/is-sub-window/-/is-sub-window-2.21.4.tgz#b67bdab4aee629dd382ccc01d9b681fd139a0099"
  integrity sha512-hhCPmjQA5IC6h2DtP/VOO9UvXhm67tPp0gU7GwoWsB1jtGo5o+mTiv0SMvcjG8Mo4s6Bb4jxz5cCFP9ItxdjGA==
  dependencies:
    "@liff/consts" "2.21.4"
    "@liff/is-in-client" "2.21.4"
    "@liff/store" "2.21.4"
    "@liff/use" "2.21.4"
    "@liff/util" "2.21.4"

"@liff/liff-types@2.21.4":
  version "2.21.4"
  resolved "https://registry.yarnpkg.com/@liff/liff-types/-/liff-types-2.21.4.tgz#192f48a37ed0313f27d4018584a97b80e5307724"
  integrity sha512-BCtECz0kUPmaVHPK1eXnUgwgC8TEZQzcREKPzKOYhBsdkJUl4FMR84bbJ2he/ZUrtNIg/0Fmv0oisrR/NPjD7w==
  dependencies:
    "@liff/analytics" "2.21.4"
    "@liff/close-window" "2.21.4"
    "@liff/get-friendship" "2.21.4"
    "@liff/get-language" "2.21.4"
    "@liff/get-line-version" "2.21.4"
    "@liff/get-os" "2.21.4"
    "@liff/get-profile" "2.21.4"
    "@liff/get-version" "2.21.4"
    "@liff/i18n" "2.21.4"
    "@liff/init" "2.21.4"
    "@liff/is-api-available" "2.21.4"
    "@liff/is-in-client" "2.21.4"
    "@liff/is-logged-in" "2.21.4"
    "@liff/is-sub-window" "2.21.4"
    "@liff/login" "2.21.4"
    "@liff/logout" "2.21.4"
    "@liff/native-bridge" "2.21.4"
    "@liff/open-window" "2.21.4"
    "@liff/permanent-link" "2.21.4"
    "@liff/permission" "2.21.4"
    "@liff/ready" "2.21.4"
    "@liff/scan-code-v2" "2.21.4"
    "@liff/send-messages" "2.21.4"
    "@liff/share-target-picker" "2.21.4"
    "@liff/store" "2.21.4"
    "@liff/sub-window" "2.21.4"
    "@liff/use" "2.21.4"

"@liff/logger@2.21.4":
  version "2.21.4"
  resolved "https://registry.yarnpkg.com/@liff/logger/-/logger-2.21.4.tgz#eec767b557a5e5964ea9a3f4d57358fda1bcdd6c"
  integrity sha512-3aEiiU/w49+st8sUhi+qL8VHxjz5q5wI6+nRrNm4rgcGBjB/RSdVOm4AtJhpcqE0YION3C9RFhipNjtMFYHgIA==

"@liff/login@2.21.4":
  version "2.21.4"
  resolved "https://registry.yarnpkg.com/@liff/login/-/login-2.21.4.tgz#4d414bbd412806ddfc20f601d34f3ec28647d797"
  integrity sha512-UrKQDSUX8llhBqKDHIovQsX9solgHXg0ufHCaaz9jrA503WzuRd06xWkAF/793IatXJE1SmQ9+WKbDF8HmRBhw==
  dependencies:
    "@liff/consts" "2.21.4"
    "@liff/get-version" "2.21.4"
    "@liff/hooks" "2.21.4"
    "@liff/is-in-client" "2.21.4"
    "@liff/is-sub-window" "2.21.4"
    "@liff/logger" "2.21.4"
    "@liff/server-api" "2.21.4"
    "@liff/store" "2.21.4"
    "@liff/sub-window" "2.21.4"
    "@liff/use" "2.21.4"
    "@liff/util" "2.21.4"
    tiny-sha256 "^1.0.2"

"@liff/logout@2.21.4":
  version "2.21.4"
  resolved "https://registry.yarnpkg.com/@liff/logout/-/logout-2.21.4.tgz#8d57472d3d586168fd8d229ca480e0ec7b8d620b"
  integrity sha512-WWxDOXdGBSvTVdfhPZcyFVM6nGdk5cJ24p8rtECMfdhYk2xq9ArNFhmuTPx52TPuLIGNML5sHkaM2FRWOYCnUQ==
  dependencies:
    "@liff/store" "2.21.4"

"@liff/message-bus@2.21.4":
  version "2.21.4"
  resolved "https://registry.yarnpkg.com/@liff/message-bus/-/message-bus-2.21.4.tgz#17ece83b2bbdf727ae8c42b588a3a5056b602f3d"
  integrity sha512-rmdoTvu8CHupKsiHVD17W5qSoPxpcmoWIE/OtLOySOHfe3BX6uy6rQRYi4JbQXJwrYNby0XCgv9IQvtyDpBTjQ==
  dependencies:
    "@liff/consts" "2.21.4"
    "@liff/store" "2.21.4"
    "@liff/util" "2.21.4"

"@liff/native-bridge@2.21.4":
  version "2.21.4"
  resolved "https://registry.yarnpkg.com/@liff/native-bridge/-/native-bridge-2.21.4.tgz#f04c08987e6bdd5fe1d7f9175478f5fa4c6210a8"
  integrity sha512-J1wC03JC2oQ7CHKonhBJln2E7hXrPHF+f5xTpUiALGLpv7skn/vqwe2Y+jSBJWgKv8h5+jl6SO+okcjE+DuBIQ==
  dependencies:
    "@liff/consts" "2.21.4"
    "@liff/logger" "2.21.4"
    "@liff/store" "2.21.4"
    "@liff/util" "2.21.4"

"@liff/open-window@2.21.4":
  version "2.21.4"
  resolved "https://registry.yarnpkg.com/@liff/open-window/-/open-window-2.21.4.tgz#c2247705b9c3e9c3d38e418468343fa2be954eee"
  integrity sha512-KXHyHBPxeebn+zbSxrjL5/fBPHbnFvcDHz8wRpYyD6gkzCyrom77bpEuCrwCoTN3cq5lHdQE/AXK4SXqPlfSAQ==
  dependencies:
    "@liff/consts" "2.21.4"
    "@liff/get-line-version" "2.21.4"
    "@liff/get-os" "2.21.4"
    "@liff/is-in-client" "2.21.4"
    "@liff/native-bridge" "2.21.4"
    "@liff/util" "2.21.4"

"@liff/permanent-link@2.21.4":
  version "2.21.4"
  resolved "https://registry.yarnpkg.com/@liff/permanent-link/-/permanent-link-2.21.4.tgz#34ddda665aaa0f1dc18c6b37d6741f64e059af1f"
  integrity sha512-milKrhOsOjk1cQ4veS9rE88BoTauDZ9zu+iE/JHT44MyUkajYrWjLnB5EvZa3x6AlbpWpjJDpFymS/p3CF2Qng==
  dependencies:
    "@liff/consts" "2.21.4"
    "@liff/server-api" "2.21.4"
    "@liff/store" "2.21.4"
    "@liff/use" "2.21.4"
    "@liff/util" "2.21.4"

"@liff/permission@2.21.4":
  version "2.21.4"
  resolved "https://registry.yarnpkg.com/@liff/permission/-/permission-2.21.4.tgz#5a98297325d86977d0658c34f4778c8d8754e610"
  integrity sha512-mGU4s0IwTnuiMgEWt3UGE/pOfbsJBdIass6/b5tgRjWnr5vfaRTH+sluhmHuki5krUYnVq/wy7PRN5b/QcoGlg==
  dependencies:
    "@liff/consts" "2.21.4"
    "@liff/is-api-available" "2.21.4"
    "@liff/is-in-client" "2.21.4"
    "@liff/server-api" "2.21.4"
    "@liff/store" "2.21.4"
    "@liff/sub-window" "2.21.4"
    "@liff/use" "2.21.4"
    "@liff/util" "2.21.4"

"@liff/ready@2.21.4":
  version "2.21.4"
  resolved "https://registry.yarnpkg.com/@liff/ready/-/ready-2.21.4.tgz#192be5748e23ab978458901efa9e88ac4174239f"
  integrity sha512-aJLgKMVEsoRVvOIvOgkC+AFbq2EIjyvDvDEiEMYPdm1+gi/yMYG6zY/XEToMd/LxTuNrHNH98PXEiE+vbKY8kQ==

"@liff/scan-code-v2@2.21.4":
  version "2.21.4"
  resolved "https://registry.yarnpkg.com/@liff/scan-code-v2/-/scan-code-v2-2.21.4.tgz#e58a7d970f143d6ec769746e2dcedece2dd90da6"
  integrity sha512-Q2OXagFdtXWPgAchELcr4RPgB2bukvN0cgbXbzxNms51KB5CLaB9GuPG/6B4+rlmymiQF5NKopySjaWDSEZ4kQ==
  dependencies:
    "@liff/consts" "2.21.4"
    "@liff/is-api-available" "2.21.4"
    "@liff/sub-window" "2.21.4"
    "@liff/use" "2.21.4"
    "@liff/util" "2.21.4"

"@liff/scan-code@2.21.4":
  version "2.21.4"
  resolved "https://registry.yarnpkg.com/@liff/scan-code/-/scan-code-2.21.4.tgz#c0c0bee2404854fde66322cebf31f8a97bfb1d83"
  integrity sha512-P52zkgWa1gmgyYAxc2e0ePLfvk7lK3pX2sltYan+4eRsp0WXWOTM84MyQk+YhS3zM6yfGTlO+Ol3yTcPNHmSJg==
  dependencies:
    "@liff/check-availability" "2.21.4"
    "@liff/consts" "2.21.4"
    "@liff/native-bridge" "2.21.4"
    "@liff/util" "2.21.4"

"@liff/send-messages@2.21.4":
  version "2.21.4"
  resolved "https://registry.yarnpkg.com/@liff/send-messages/-/send-messages-2.21.4.tgz#f5b1e55780993a39a8b51be9fbbca99f37ff963c"
  integrity sha512-Mr8cJvx71BbIrF1G/i3FaZx/0IDnQ/Joo7/EY/ICGWX2MY/ElWAJon1llPzSIomuvQVXGpwtBNL5PxGNjxgq6w==
  dependencies:
    "@liff/consts" "2.21.4"
    "@liff/get-line-version" "2.21.4"
    "@liff/get-os" "2.21.4"
    "@liff/server-api" "2.21.4"
    "@liff/util" "2.21.4"
    "@line/bot-sdk" "^7.0.0"

"@liff/server-api@2.21.4":
  version "2.21.4"
  resolved "https://registry.yarnpkg.com/@liff/server-api/-/server-api-2.21.4.tgz#127a617138e811992f80580f1df3670ece9366bf"
  integrity sha512-eX1WRzbhBFwLXzS+GbpfEvxD1zskk8SWmhIZEN1d4P82T5axIAufGFp36an/47l+Ssgz8NWrUMVT6fnSesTIuA==
  dependencies:
    "@liff/consts" "2.21.4"
    "@liff/store" "2.21.4"
    "@liff/util" "2.21.4"

"@liff/share-target-picker@2.21.4":
  version "2.21.4"
  resolved "https://registry.yarnpkg.com/@liff/share-target-picker/-/share-target-picker-2.21.4.tgz#904c83380a0b45aeaa33c700875b24c32295a241"
  integrity sha512-lFMyAjZuJjlOHSPkKBpUqihiYY6gFLVmSvNJKLnnzX//ES78Xn7DIgcN7qmolwqAP2fqwQD6LXrr8KE7iPjSsQ==
  dependencies:
    "@liff/analytics" "2.21.4"
    "@liff/consts" "2.21.4"
    "@liff/get-line-version" "2.21.4"
    "@liff/get-os" "2.21.4"
    "@liff/is-in-client" "2.21.4"
    "@liff/is-logged-in" "2.21.4"
    "@liff/is-sub-window" "2.21.4"
    "@liff/logger" "2.21.4"
    "@liff/send-messages" "2.21.4"
    "@liff/server-api" "2.21.4"
    "@liff/store" "2.21.4"
    "@liff/types" "2.21.4"
    "@liff/use" "2.21.4"
    "@liff/util" "2.21.4"
    "@liff/window-postmessage" "2.21.4"

"@liff/store@2.21.4":
  version "2.21.4"
  resolved "https://registry.yarnpkg.com/@liff/store/-/store-2.21.4.tgz#41e52b851151b663d8d5e317ed3946debf2bfa9c"
  integrity sha512-hBiaYzng2BA91FDs4hAYS8H9fin2AGxe8TLlh4sI0wVrxRQmM/lp5fXHKu4NKxS7jnVay5eJvBgyNmU85Gn4Iw==
  dependencies:
    "@liff/consts" "2.21.4"
    "@liff/is-in-client" "2.21.4"
    "@liff/types" "2.21.4"
    "@liff/util" "2.21.4"

"@liff/sub-window@2.21.4":
  version "2.21.4"
  resolved "https://registry.yarnpkg.com/@liff/sub-window/-/sub-window-2.21.4.tgz#0fd4c2d792e9eada138da61cf78c5788eb187be5"
  integrity sha512-Dfdjrt91SFtY/EkCE66sFp1IStpJtfQ5Jiyw3byTlu9GczAqf9FGDNc5pBwP9TXSFrgDIOnxnHCjKvCkxo0LMg==
  dependencies:
    "@liff/close-window" "2.21.4"
    "@liff/consts" "2.21.4"
    "@liff/get-os" "2.21.4"
    "@liff/is-api-available" "2.21.4"
    "@liff/is-in-client" "2.21.4"
    "@liff/is-sub-window" "2.21.4"
    "@liff/logger" "2.21.4"
    "@liff/message-bus" "2.21.4"
    "@liff/server-api" "2.21.4"
    "@liff/store" "2.21.4"
    "@liff/util" "2.21.4"

"@liff/types@2.21.4":
  version "2.21.4"
  resolved "https://registry.yarnpkg.com/@liff/types/-/types-2.21.4.tgz#b980b9d7e78672e2bf971d8d1ce03544c2b35755"
  integrity sha512-iYip5FSMHn1jVB1jo+tshxNs9ABiH50XIA0swE9v10yJH4NgjptVkk5Aw9MrJbHU5JfkXGpQcgtj04cwU/4TiQ==

"@liff/use@2.21.4":
  version "2.21.4"
  resolved "https://registry.yarnpkg.com/@liff/use/-/use-2.21.4.tgz#09575a828762b580ac8c2343bbc59f64cc09edc0"
  integrity sha512-2CZbTa5aYAAztf+5B7x2dX4abespbx76PRIMrWmgJsEEQi+8kpQM129/owD8CspTSQcZd5yT17rFw84w4oWdqw==
  dependencies:
    "@liff/hooks" "2.21.4"
    "@liff/logger" "2.21.4"

"@liff/util@2.21.4":
  version "2.21.4"
  resolved "https://registry.yarnpkg.com/@liff/util/-/util-2.21.4.tgz#a67cfb49275d86d6a7fff221f2cdc779a441d49d"
  integrity sha512-ktUuEUh6B9ZflYIIwu+9NZv6ABJDGiCjBNEe7ylqfPLDvSznvaGm9K9rsxymylPkdrViLE5E2JsuFqQ2Exmuhg==
  dependencies:
    "@liff/consts" "2.21.4"
    "@liff/logger" "2.21.4"

"@liff/window-postmessage@2.21.4":
  version "2.21.4"
  resolved "https://registry.yarnpkg.com/@liff/window-postmessage/-/window-postmessage-2.21.4.tgz#b7b7361dc2509b45e20365e331ee8f766ea45ac3"
  integrity sha512-2tRwPE39jQ7eFF8ES1nm8WRcYBIQRwmg3EYK+Jc/120bsr2c32TW/2ev7ViVBXA1xQCAZzT0ovlgSSE7fOTOsQ==
  dependencies:
    "@liff/consts" "2.21.4"
    "@liff/logger" "2.21.4"
    "@liff/util" "2.21.4"

"@line/bot-sdk@^7.0.0":
  version "7.5.2"
  resolved "https://registry.yarnpkg.com/@line/bot-sdk/-/bot-sdk-7.5.2.tgz#ecf5410e2ceda0ed491aa178c587be8f2b691ddd"
  integrity sha512-mMaDnr+mOqQDLYJcUp+fQwZklg/LoOZzNILlWdsj2IFD2nXF+HhAm3KEy5tyUx629Y2bCx6nv9Jl0UlMwBiAiw==
  dependencies:
    "@types/body-parser" "^1.19.2"
    "@types/node" "^16.0.0"
    axios "^0.27.0"
    body-parser "^1.20.0"
    file-type "^16.5.4"
    form-data "^4.0.0"

"@line/liff@^2.21.4":
  version "2.21.4"
  resolved "https://registry.yarnpkg.com/@line/liff/-/liff-2.21.4.tgz#c072d29407ef8a4e896ee3b61e41036d4d45b1d9"
  integrity sha512-zDtkmgTDRZe6nl/VGghzxCnrASnAFoVp5+PKQ6ABc/j+2Q0UDjAiKGkkQit2kh1TOtpKf4BN4ynSvQ+5A/IahQ==
  dependencies:
    "@liff/analytics" "2.21.4"
    "@liff/close-window" "2.21.4"
    "@liff/consts" "2.21.4"
    "@liff/extensions" "2.21.4"
    "@liff/get-friendship" "2.21.4"
    "@liff/get-language" "2.21.4"
    "@liff/get-line-version" "2.21.4"
    "@liff/get-os" "2.21.4"
    "@liff/get-profile" "2.21.4"
    "@liff/get-version" "2.21.4"
    "@liff/hooks" "2.21.4"
    "@liff/i18n" "2.21.4"
    "@liff/init" "2.21.4"
    "@liff/is-api-available" "2.21.4"
    "@liff/is-in-client" "2.21.4"
    "@liff/is-logged-in" "2.21.4"
    "@liff/is-sub-window" "2.21.4"
    "@liff/liff-types" "2.21.4"
    "@liff/login" "2.21.4"
    "@liff/logout" "2.21.4"
    "@liff/native-bridge" "2.21.4"
    "@liff/open-window" "2.21.4"
    "@liff/permanent-link" "2.21.4"
    "@liff/permission" "2.21.4"
    "@liff/ready" "2.21.4"
    "@liff/scan-code-v2" "2.21.4"
    "@liff/send-messages" "2.21.4"
    "@liff/server-api" "2.21.4"
    "@liff/share-target-picker" "2.21.4"
    "@liff/store" "2.21.4"
    "@liff/sub-window" "2.21.4"
    "@liff/use" "2.21.4"
    "@liff/util" "2.21.4"
    promise-polyfill "^8.1.3"
    tslib "^2.3.0"
    whatwg-fetch "^3.0.0"

"@next/env@13.2.4":
  version "13.2.4"
  resolved "https://registry.yarnpkg.com/@next/env/-/env-13.2.4.tgz#8b763700262b2445140a44a8c8d088cef676dbae"
  integrity sha512-+Mq3TtpkeeKFZanPturjcXt+KHfKYnLlX6jMLyCrmpq6OOs4i1GqBOAauSkii9QeKCMTYzGppar21JU57b/GEA==

"@next/swc-android-arm-eabi@13.2.4":
  version "13.2.4"
  resolved "https://registry.yarnpkg.com/@next/swc-android-arm-eabi/-/swc-android-arm-eabi-13.2.4.tgz#758d0403771e549f9cee71cbabc0cb16a6c947c0"
  integrity sha512-DWlalTSkLjDU11MY11jg17O1gGQzpRccM9Oes2yTqj2DpHndajrXHGxj9HGtJ+idq2k7ImUdJVWS2h2l/EDJOw==

"@next/swc-android-arm64@13.2.4":
  version "13.2.4"
  resolved "https://registry.yarnpkg.com/@next/swc-android-arm64/-/swc-android-arm64-13.2.4.tgz#834d586523045110d5602e0c8aae9028835ac427"
  integrity sha512-sRavmUImUCf332Gy+PjIfLkMhiRX1Ez4SI+3vFDRs1N5eXp+uNzjFUK/oLMMOzk6KFSkbiK/3Wt8+dHQR/flNg==

"@next/swc-darwin-arm64@13.2.4":
  version "13.2.4"
  resolved "https://registry.yarnpkg.com/@next/swc-darwin-arm64/-/swc-darwin-arm64-13.2.4.tgz#5006fca179a36ef3a24d293abadec7438dbb48c6"
  integrity sha512-S6vBl+OrInP47TM3LlYx65betocKUUlTZDDKzTiRDbsRESeyIkBtZ6Qi5uT2zQs4imqllJznVjFd1bXLx3Aa6A==

"@next/swc-darwin-x64@13.2.4":
  version "13.2.4"
  resolved "https://registry.yarnpkg.com/@next/swc-darwin-x64/-/swc-darwin-x64-13.2.4.tgz#6549c7c04322766acc3264ccdb3e1b43fcaf7946"
  integrity sha512-a6LBuoYGcFOPGd4o8TPo7wmv5FnMr+Prz+vYHopEDuhDoMSHOnC+v+Ab4D7F0NMZkvQjEJQdJS3rqgFhlZmKlw==

"@next/swc-freebsd-x64@13.2.4":
  version "13.2.4"
  resolved "https://registry.yarnpkg.com/@next/swc-freebsd-x64/-/swc-freebsd-x64-13.2.4.tgz#0bbe28979e3e868debc2cc06e45e186ce195b7f4"
  integrity sha512-kkbzKVZGPaXRBPisoAQkh3xh22r+TD+5HwoC5bOkALraJ0dsOQgSMAvzMXKsN3tMzJUPS0tjtRf1cTzrQ0I5vQ==

"@next/swc-linux-arm-gnueabihf@13.2.4":
  version "13.2.4"
  resolved "https://registry.yarnpkg.com/@next/swc-linux-arm-gnueabihf/-/swc-linux-arm-gnueabihf-13.2.4.tgz#1d28d2203f5a7427d6e7119d7bcb5fc40959fb3e"
  integrity sha512-7qA1++UY0fjprqtjBZaOA6cas/7GekpjVsZn/0uHvquuITFCdKGFCsKNBx3S0Rpxmx6WYo0GcmhNRM9ru08BGg==

"@next/swc-linux-arm64-gnu@13.2.4":
  version "13.2.4"
  resolved "https://registry.yarnpkg.com/@next/swc-linux-arm64-gnu/-/swc-linux-arm64-gnu-13.2.4.tgz#eb26448190948cdf4c44b8f34110a3ecea32f1d0"
  integrity sha512-xzYZdAeq883MwXgcwc72hqo/F/dwUxCukpDOkx/j1HTq/J0wJthMGjinN9wH5bPR98Mfeh1MZJ91WWPnZOedOg==

"@next/swc-linux-arm64-musl@13.2.4":
  version "13.2.4"
  resolved "https://registry.yarnpkg.com/@next/swc-linux-arm64-musl/-/swc-linux-arm64-musl-13.2.4.tgz#c4227c0acd94a420bb14924820710e6284d234d3"
  integrity sha512-8rXr3WfmqSiYkb71qzuDP6I6R2T2tpkmf83elDN8z783N9nvTJf2E7eLx86wu2OJCi4T05nuxCsh4IOU3LQ5xw==

"@next/swc-linux-x64-gnu@13.2.4":
  version "13.2.4"
  resolved "https://registry.yarnpkg.com/@next/swc-linux-x64-gnu/-/swc-linux-x64-gnu-13.2.4.tgz#6bcb540944ee9b0209b33bfc23b240c2044dfc3e"
  integrity sha512-Ngxh51zGSlYJ4EfpKG4LI6WfquulNdtmHg1yuOYlaAr33KyPJp4HeN/tivBnAHcZkoNy0hh/SbwDyCnz5PFJQQ==

"@next/swc-linux-x64-musl@13.2.4":
  version "13.2.4"
  resolved "https://registry.yarnpkg.com/@next/swc-linux-x64-musl/-/swc-linux-x64-musl-13.2.4.tgz#ce21e43251eaf09a09df39372b2c3e38028c30ff"
  integrity sha512-gOvwIYoSxd+j14LOcvJr+ekd9fwYT1RyMAHOp7znA10+l40wkFiMONPLWiZuHxfRk+Dy7YdNdDh3ImumvL6VwA==

"@next/swc-win32-arm64-msvc@13.2.4":
  version "13.2.4"
  resolved "https://registry.yarnpkg.com/@next/swc-win32-arm64-msvc/-/swc-win32-arm64-msvc-13.2.4.tgz#68220063d8e5e082f5465498675640dedb670ff1"
  integrity sha512-q3NJzcfClgBm4HvdcnoEncmztxrA5GXqKeiZ/hADvC56pwNALt3ngDC6t6qr1YW9V/EPDxCYeaX4zYxHciW4Dw==

"@next/swc-win32-ia32-msvc@13.2.4":
  version "13.2.4"
  resolved "https://registry.yarnpkg.com/@next/swc-win32-ia32-msvc/-/swc-win32-ia32-msvc-13.2.4.tgz#7c120ab54a081be9566df310bed834f168252990"
  integrity sha512-/eZ5ncmHUYtD2fc6EUmAIZlAJnVT2YmxDsKs1Ourx0ttTtvtma/WKlMV5NoUsyOez0f9ExLyOpeCoz5aj+MPXw==

"@next/swc-win32-x64-msvc@13.2.4":
  version "13.2.4"
  resolved "https://registry.yarnpkg.com/@next/swc-win32-x64-msvc/-/swc-win32-x64-msvc-13.2.4.tgz#5abda92fe12b9829bf7951c4a221282c56041144"
  integrity sha512-0MffFmyv7tBLlji01qc0IaPP/LVExzvj7/R5x1Jph1bTAIj4Vu81yFQWHHQAP6r4ff9Ukj1mBK6MDNVXm7Tcvw==

"@swc/helpers@0.4.14":
  version "0.4.14"
  resolved "https://registry.yarnpkg.com/@swc/helpers/-/helpers-0.4.14.tgz#1352ac6d95e3617ccb7c1498ff019654f1e12a74"
  integrity sha512-4C7nX/dvpzB7za4Ql9K81xK3HPxCpHMgwTZVyf+9JQ6VUbn9jjZVN7/Nkdz/Ugzs2CSjqnL/UPXroiVBVHUWUw==
  dependencies:
    tslib "^2.4.0"

"@tokenizer/token@^0.3.0":
  version "0.3.0"
  resolved "https://registry.yarnpkg.com/@tokenizer/token/-/token-0.3.0.tgz#fe98a93fe789247e998c75e74e9c7c63217aa276"
  integrity sha512-OvjF+z51L3ov0OyAU0duzsYuvO01PH7x4t6DJx+guahgTnBHkhJdG7soQeTSFLWN3efnHyibZ4Z8l2EuWwJN3A==

"@types/body-parser@^1.19.2":
  version "1.19.2"
  resolved "https://registry.yarnpkg.com/@types/body-parser/-/body-parser-1.19.2.tgz#aea2059e28b7658639081347ac4fab3de166e6f0"
  integrity sha512-ALYone6pm6QmwZoAgeyNksccT9Q4AWZQ6PvfwR37GT6r6FWUPguq6sUmNGSMV2Wr761oQoBxwGGa6DR5o1DC9g==
  dependencies:
    "@types/connect" "*"
    "@types/node" "*"

"@types/connect@*":
  version "3.4.35"
  resolved "https://registry.yarnpkg.com/@types/connect/-/connect-3.4.35.tgz#5fcf6ae445e4021d1fc2219a4873cc73a3bb2ad1"
  integrity sha512-cdeYyv4KWoEgpBISTxWvqYsVy444DOqehiF3fM3ne10AmJ62RSyNkUnxMJXHQWRQQX2eR94m5y1IZyDwBjV9FQ==
  dependencies:
    "@types/node" "*"

"@types/node@*", "@types/node@18.15.10":
  version "18.15.10"
  resolved "https://registry.yarnpkg.com/@types/node/-/node-18.15.10.tgz#4ee2171c3306a185d1208dad5f44dae3dee4cfe3"
  integrity sha512-9avDaQJczATcXgfmMAW3MIWArOO7A+m90vuCFLr8AotWf8igO/mRoYukrk2cqZVtv38tHs33retzHEilM7FpeQ==

"@types/node@^16.0.0":
  version "16.18.21"
  resolved "https://registry.yarnpkg.com/@types/node/-/node-16.18.21.tgz#061e3b51668f74bf3aaa44450dcf0acd625841f7"
  integrity sha512-TassPGd0AEZWA10qcNnXnSNwHlLfSth8XwUaWc3gTSDmBz/rKb613Qw5qRf6o2fdRBrLbsgeC9PMZshobkuUqg==

"@types/prop-types@*":
  version "15.7.5"
  resolved "https://registry.yarnpkg.com/@types/prop-types/-/prop-types-15.7.5.tgz#5f19d2b85a98e9558036f6a3cacc8819420f05cf"
  integrity sha512-JCB8C6SnDoQf0cNycqd/35A7MjcnK+ZTqE7judS6o7utxUCg6imJg3QK2qzHKszlTjcj2cn+NwMB2i96ubpj7w==

"@types/react-dom@18.0.11":
  version "18.0.11"
  resolved "https://registry.yarnpkg.com/@types/react-dom/-/react-dom-18.0.11.tgz#321351c1459bc9ca3d216aefc8a167beec334e33"
  integrity sha512-O38bPbI2CWtgw/OoQoY+BRelw7uysmXbWvw3nLWO21H1HSh+GOlqPuXshJfjmpNlKiiSDG9cc1JZAaMmVdcTlw==
  dependencies:
    "@types/react" "*"

"@types/react@*", "@types/react@18.0.29":
  version "18.0.29"
  resolved "https://registry.yarnpkg.com/@types/react/-/react-18.0.29.tgz#4cead505172c0020c5b51940199e31fc6ff2f63a"
  integrity sha512-wXHktgUABxplw1+UnljseDq4+uztQyp2tlWZRIxHlpchsCFqiYkvaDS8JR7eKOQm8wziTH/el5qL7D6gYNkYcw==
  dependencies:
    "@types/prop-types" "*"
    "@types/scheduler" "*"
    csstype "^3.0.2"

"@types/scheduler@*":
  version "0.16.3"
  resolved "https://registry.yarnpkg.com/@types/scheduler/-/scheduler-0.16.3.tgz#cef09e3ec9af1d63d2a6cc5b383a737e24e6dcf5"
  integrity sha512-5cJ8CB4yAx7BH1oMvdU0Jh9lrEXyPkar6F9G/ERswkCuvP4KQZfZkSjcMbAICCpQTN4OuZn8tz0HiKv9TGZgrQ==

asynckit@^0.4.0:
  version "0.4.0"
  resolved "https://registry.yarnpkg.com/asynckit/-/asynckit-0.4.0.tgz#c79ed97f7f34cb8f2ba1bc9790bcc366474b4b79"
  integrity sha512-Oei9OH4tRh0YqU3GxhX79dM/mwVgvbZJaSNaRk+bshkj0S5cfHcgYakreBjrHwatXKbz+IoIdYLxrKim2MjW0Q==

axios@^0.27.0:
  version "0.27.2"
  resolved "https://registry.yarnpkg.com/axios/-/axios-0.27.2.tgz#207658cc8621606e586c85db4b41a750e756d972"
  integrity sha512-t+yRIyySRTp/wua5xEr+z1q60QmLq8ABsS5O9Me1AsE5dfKqgnCFzwiCZZ/cGNd1lq4/7akDWMxdhVlucjmnOQ==
  dependencies:
    follow-redirects "^1.14.9"
    form-data "^4.0.0"

body-parser@^1.20.0:
  version "1.20.2"
  resolved "https://registry.yarnpkg.com/body-parser/-/body-parser-1.20.2.tgz#6feb0e21c4724d06de7ff38da36dad4f57a747fd"
  integrity sha512-ml9pReCu3M61kGlqoTm2umSXTlRTuGTx0bfYj+uIUKKYycG5NtSbeetV3faSU6R7ajOPw0g/J1PvK4qNy7s5bA==
  dependencies:
    bytes "3.1.2"
    content-type "~1.0.5"
    debug "2.6.9"
    depd "2.0.0"
    destroy "1.2.0"
    http-errors "2.0.0"
    iconv-lite "0.4.24"
    on-finished "2.4.1"
    qs "6.11.0"
    raw-body "2.5.2"
    type-is "~1.6.18"
    unpipe "1.0.0"

bytes@3.1.2:
  version "3.1.2"
  resolved "https://registry.yarnpkg.com/bytes/-/bytes-3.1.2.tgz#8b0beeb98605adf1b128fa4386403c009e0221a5"
  integrity sha512-/Nf7TyzTx6S3yRJObOAV7956r8cr2+Oj8AC5dt8wSP3BQAoeX58NoHyCU8P8zGkNXStjTSi6fzO6F0pBdcYbEg==

call-bind@^1.0.0:
  version "1.0.2"
  resolved "https://registry.yarnpkg.com/call-bind/-/call-bind-1.0.2.tgz#b1d4e89e688119c3c9a903ad30abb2f6a919be3c"
  integrity sha512-7O+FbCihrB5WGbFYesctwmTKae6rOiIzmz1icreWJ+0aA7LJfuqhEso2T9ncpcFtzMQtzXf2QGGueWJGTYsqrA==
  dependencies:
    function-bind "^1.1.1"
    get-intrinsic "^1.0.2"

caniuse-lite@^1.0.30001406:
  version "1.0.30001470"
  resolved "https://registry.yarnpkg.com/caniuse-lite/-/caniuse-lite-1.0.30001470.tgz#09c8e87c711f75ff5d39804db2613dd593feeb10"
  integrity sha512-065uNwY6QtHCBOExzbV6m236DDhYCCtPmQUCoQtwkVqzud8v5QPidoMr6CoMkC2nfp6nksjttqWQRRh75LqUmA==

client-only@0.0.1:
  version "0.0.1"
  resolved "https://registry.yarnpkg.com/client-only/-/client-only-0.0.1.tgz#38bba5d403c41ab150bff64a95c85013cf73bca1"
  integrity sha512-IV3Ou0jSMzZrd3pZ48nLkT9DA7Ag1pnPzaiQhpW7c3RbcqqzvzzVu+L8gfqMp/8IM2MQtSiqaCxrrcfu8I8rMA==

combined-stream@^1.0.8:
  version "1.0.8"
  resolved "https://registry.yarnpkg.com/combined-stream/-/combined-stream-1.0.8.tgz#c3d45a8b34fd730631a110a8a2520682b31d5a7f"
  integrity sha512-FQN4MRfuJeHf7cBbBMJFXhKSDq+2kAArBlmRBvcvFE5BB1HZKXtSFASDhdlz9zOYwxh8lDdnvmMOe/+5cdoEdg==
  dependencies:
    delayed-stream "~1.0.0"

content-type@~1.0.5:
  version "1.0.5"
  resolved "https://registry.yarnpkg.com/content-type/-/content-type-1.0.5.tgz#8b773162656d1d1086784c8f23a54ce6d73d7918"
  integrity sha512-nTjqfcBFEipKdXCv4YDQWCfmcLZKm81ldF0pAopTvyrFGVbcR6P/VAAd5G7N+0tTr8QqiU0tFadD6FK4NtJwOA==

csstype@^3.0.2:
  version "3.1.1"
  resolved "https://registry.yarnpkg.com/csstype/-/csstype-3.1.1.tgz#841b532c45c758ee546a11d5bd7b7b473c8c30b9"
  integrity sha512-DJR/VvkAvSZW9bTouZue2sSxDwdTN92uHjqeKVm+0dAqdfNykRzQ95tay8aXMBAAPpUiq4Qcug2L7neoRh2Egw==

debug@2.6.9:
  version "2.6.9"
  resolved "https://registry.yarnpkg.com/debug/-/debug-2.6.9.tgz#5d128515df134ff327e90a4c93f4e077a536341f"
  integrity sha512-bC7ElrdJaJnPbAP+1EotYvqZsb3ecl5wi6Bfi6BJTUcNowp6cvspg0jXznRTKDjm/E7AdgFBVeAPVMNcKGsHMA==
  dependencies:
    ms "2.0.0"

delayed-stream@~1.0.0:
  version "1.0.0"
  resolved "https://registry.yarnpkg.com/delayed-stream/-/delayed-stream-1.0.0.tgz#df3ae199acadfb7d440aaae0b29e2272b24ec619"
  integrity sha512-ZySD7Nf91aLB0RxL4KGrKHBXl7Eds1DAmEdcoVawXnLD7SDhpNgtuII2aAkg7a7QS41jxPSZ17p4VdGnMHk3MQ==

depd@2.0.0:
  version "2.0.0"
  resolved "https://registry.yarnpkg.com/depd/-/depd-2.0.0.tgz#b696163cc757560d09cf22cc8fad1571b79e76df"
  integrity sha512-g7nH6P6dyDioJogAAGprGpCtVImJhpPk/roCzdb3fIh61/s/nPsfR6onyMwkCAR/OlC3yBC0lESvUoQEAssIrw==

destroy@1.2.0:
  version "1.2.0"
  resolved "https://registry.yarnpkg.com/destroy/-/destroy-1.2.0.tgz#4803735509ad8be552934c67df614f94e66fa015"
  integrity sha512-2sJGJTaXIIaR1w4iJSNoN0hnMY7Gpc/n8D4qSCJw8QqFWXf7cuAgnEHxBpweaVcPevC2l3KpjYCx3NypQQgaJg==

ee-first@1.1.1:
  version "1.1.1"
  resolved "https://registry.yarnpkg.com/ee-first/-/ee-first-1.1.1.tgz#590c61156b0ae2f4f0255732a158b266bc56b21d"
  integrity sha512-WMwm9LhRUo+WUaRN+vRuETqG89IgZphVSNkdFgeb6sS/E4OrDIN7t48CAewSHXc6C8lefD8KKfr5vY61brQlow==

file-type@^16.5.4:
  version "16.5.4"
  resolved "https://registry.yarnpkg.com/file-type/-/file-type-16.5.4.tgz#474fb4f704bee427681f98dd390058a172a6c2fd"
  integrity sha512-/yFHK0aGjFEgDJjEKP0pWCplsPFPhwyfwevf/pVxiN0tmE4L9LmwWxWukdJSHdoCli4VgQLehjJtwQBnqmsKcw==
  dependencies:
    readable-web-to-node-stream "^3.0.0"
    strtok3 "^6.2.4"
    token-types "^4.1.1"

follow-redirects@^1.14.9:
  version "1.15.2"
  resolved "https://registry.yarnpkg.com/follow-redirects/-/follow-redirects-1.15.2.tgz#b460864144ba63f2681096f274c4e57026da2c13"
  integrity sha512-VQLG33o04KaQ8uYi2tVNbdrWp1QWxNNea+nmIB4EVM28v0hmP17z7aG1+wAkNzVq4KeXTq3221ye5qTJP91JwA==

form-data@^4.0.0:
  version "4.0.0"
  resolved "https://registry.yarnpkg.com/form-data/-/form-data-4.0.0.tgz#93919daeaf361ee529584b9b31664dc12c9fa452"
  integrity sha512-ETEklSGi5t0QMZuiXoA/Q6vcnxcLQP5vdugSpuAyi6SVGi2clPPp+xgEhuMaHC+zGgn31Kd235W35f7Hykkaww==
  dependencies:
    asynckit "^0.4.0"
    combined-stream "^1.0.8"
    mime-types "^2.1.12"

function-bind@^1.1.1:
  version "1.1.1"
  resolved "https://registry.yarnpkg.com/function-bind/-/function-bind-1.1.1.tgz#a56899d3ea3c9bab874bb9773b7c5ede92f4895d"
  integrity sha512-yIovAzMX49sF8Yl58fSCWJ5svSLuaibPxXQJFLmBObTuCr0Mf1KiPopGM9NiFjiYBCbfaa2Fh6breQ6ANVTI0A==

get-intrinsic@^1.0.2:
  version "1.2.0"
  resolved "https://registry.yarnpkg.com/get-intrinsic/-/get-intrinsic-1.2.0.tgz#7ad1dc0535f3a2904bba075772763e5051f6d05f"
  integrity sha512-L049y6nFOuom5wGyRc3/gdTLO94dySVKRACj1RmJZBQXlbTMhtNIgkWkUHq+jYmZvKf14EW1EoJnnjbmoHij0Q==
  dependencies:
    function-bind "^1.1.1"
    has "^1.0.3"
    has-symbols "^1.0.3"

has-symbols@^1.0.3:
  version "1.0.3"
  resolved "https://registry.yarnpkg.com/has-symbols/-/has-symbols-1.0.3.tgz#bb7b2c4349251dce87b125f7bdf874aa7c8b39f8"
  integrity sha512-l3LCuF6MgDNwTDKkdYGEihYjt5pRPbEg46rtlmnSPlUbgmB8LOIrKJbYYFBSbnPaJexMKtiPO8hmeRjRz2Td+A==

has@^1.0.3:
  version "1.0.3"
  resolved "https://registry.yarnpkg.com/has/-/has-1.0.3.tgz#722d7cbfc1f6aa8241f16dd814e011e1f41e8796"
  integrity sha512-f2dvO0VU6Oej7RkWJGrehjbzMAjFp5/VKPp5tTpWIV4JHHZK1/BxbFRtf/siA2SWTe09caDmVtYYzWEIbBS4zw==
  dependencies:
    function-bind "^1.1.1"

http-errors@2.0.0:
  version "2.0.0"
  resolved "https://registry.yarnpkg.com/http-errors/-/http-errors-2.0.0.tgz#b7774a1486ef73cf7667ac9ae0858c012c57b9d3"
  integrity sha512-FtwrG/euBzaEjYeRqOgly7G0qviiXoJWnvEH2Z1plBdXgbyjv34pHTSb9zoeHMyDy33+DWy5Wt9Wo+TURtOYSQ==
  dependencies:
    depd "2.0.0"
    inherits "2.0.4"
    setprototypeof "1.2.0"
    statuses "2.0.1"
    toidentifier "1.0.1"

iconv-lite@0.4.24:
  version "0.4.24"
  resolved "https://registry.yarnpkg.com/iconv-lite/-/iconv-lite-0.4.24.tgz#2022b4b25fbddc21d2f524974a474aafe733908b"
  integrity sha512-v3MXnZAcvnywkTUEZomIActle7RXXeedOR31wwl7VlyoXO4Qi9arvSenNQWne1TcRwhCL1HwLI21bEqdpj8/rA==
  dependencies:
    safer-buffer ">= 2.1.2 < 3"

ieee754@^1.2.1:
  version "1.2.1"
  resolved "https://registry.yarnpkg.com/ieee754/-/ieee754-1.2.1.tgz#8eb7a10a63fff25d15a57b001586d177d1b0d352"
  integrity sha512-dcyqhDvX1C46lXZcVqCpK+FtMRQVdIMN6/Df5js2zouUsqG7I6sFxitIC+7KYK29KdXOLHdu9zL4sFnoVQnqaA==

inherits@2.0.4, inherits@^2.0.3:
  version "2.0.4"
  resolved "https://registry.yarnpkg.com/inherits/-/inherits-2.0.4.tgz#0fa2c64f932917c3433a0ded55363aae37416b7c"
  integrity sha512-k/vGaX4/Yla3WzyMCvTQOXYeIHvqOKtnqBduzTHpzpQZzAskKMhZ2K+EnBiSM9zGSoIFeMpXKxa4dYeZIQqewQ==

"js-tokens@^3.0.0 || ^4.0.0":
  version "4.0.0"
  resolved "https://registry.yarnpkg.com/js-tokens/-/js-tokens-4.0.0.tgz#19203fb59991df98e3a287050d4647cdeaf32499"
  integrity sha512-RdJUflcE3cUzKiMqQgsCu06FPu9UdIJO0beYbPhHN4k6apgJtifcoCtT9bcxOpYBtpD2kCM6Sbzg4CausW/PKQ==

loose-envify@^1.1.0:
  version "1.4.0"
  resolved "https://registry.yarnpkg.com/loose-envify/-/loose-envify-1.4.0.tgz#71ee51fa7be4caec1a63839f7e682d8132d30caf"
  integrity sha512-lyuxPGr/Wfhrlem2CL/UcnUc1zcqKAImBDzukY7Y5F/yQiNdko6+fRLevlw1HgMySw7f611UIY408EtxRSoK3Q==
  dependencies:
    js-tokens "^3.0.0 || ^4.0.0"

media-typer@0.3.0:
  version "0.3.0"
  resolved "https://registry.yarnpkg.com/media-typer/-/media-typer-0.3.0.tgz#8710d7af0aa626f8fffa1ce00168545263255748"
  integrity sha512-dq+qelQ9akHpcOl/gUVRTxVIOkAJ1wR3QAvb4RsVjS8oVoFjDGTc679wJYmUmknUF5HwMLOgb5O+a3KxfWapPQ==

mime-db@1.52.0:
  version "1.52.0"
  resolved "https://registry.yarnpkg.com/mime-db/-/mime-db-1.52.0.tgz#bbabcdc02859f4987301c856e3387ce5ec43bf70"
  integrity sha512-sPU4uV7dYlvtWJxwwxHD0PuihVNiE7TyAbQ5SWxDCB9mUYvOgroQOwYQQOKPJ8CIbE+1ETVlOoK1UC2nU3gYvg==

mime-types@^2.1.12, mime-types@~2.1.24:
  version "2.1.35"
  resolved "https://registry.yarnpkg.com/mime-types/-/mime-types-2.1.35.tgz#381a871b62a734450660ae3deee44813f70d959a"
  integrity sha512-ZDY+bPm5zTTF+YpCrAU9nK0UgICYPT0QtT1NZWFv4s++TNkcgVaT0g6+4R2uI4MjQjzysHB1zxuWL50hzaeXiw==
  dependencies:
    mime-db "1.52.0"

ms@2.0.0:
  version "2.0.0"
  resolved "https://registry.yarnpkg.com/ms/-/ms-2.0.0.tgz#5608aeadfc00be6c2901df5f9861788de0d597c8"
  integrity sha512-Tpp60P6IUJDTuOq/5Z8cdskzJujfwqfOTkrwIwj7IRISpnkJnT6SyJ4PCPnGMoFjC9ddhal5KVIYtAt97ix05A==

nanoid@^3.3.4:
  version "3.3.6"
  resolved "https://registry.yarnpkg.com/nanoid/-/nanoid-3.3.6.tgz#443380c856d6e9f9824267d960b4236ad583ea4c"
  integrity sha512-BGcqMMJuToF7i1rt+2PWSNVnWIkGCU78jBG3RxO/bZlnZPK2Cmi2QaffxGO/2RvWi9sL+FAiRiXMgsyxQ1DIDA==

next@13.2.4:
  version "13.2.4"
  resolved "https://registry.yarnpkg.com/next/-/next-13.2.4.tgz#2363330392b0f7da02ab41301f60857ffa7f67d6"
  integrity sha512-g1I30317cThkEpvzfXujf0O4wtaQHtDCLhlivwlTJ885Ld+eOgcz7r3TGQzeU+cSRoNHtD8tsJgzxVdYojFssw==
  dependencies:
    "@next/env" "13.2.4"
    "@swc/helpers" "0.4.14"
    caniuse-lite "^1.0.30001406"
    postcss "8.4.14"
    styled-jsx "5.1.1"
  optionalDependencies:
    "@next/swc-android-arm-eabi" "13.2.4"
    "@next/swc-android-arm64" "13.2.4"
    "@next/swc-darwin-arm64" "13.2.4"
    "@next/swc-darwin-x64" "13.2.4"
    "@next/swc-freebsd-x64" "13.2.4"
    "@next/swc-linux-arm-gnueabihf" "13.2.4"
    "@next/swc-linux-arm64-gnu" "13.2.4"
    "@next/swc-linux-arm64-musl" "13.2.4"
    "@next/swc-linux-x64-gnu" "13.2.4"
    "@next/swc-linux-x64-musl" "13.2.4"
    "@next/swc-win32-arm64-msvc" "13.2.4"
    "@next/swc-win32-ia32-msvc" "13.2.4"
    "@next/swc-win32-x64-msvc" "13.2.4"

object-inspect@^1.9.0:
  version "1.12.3"
  resolved "https://registry.yarnpkg.com/object-inspect/-/object-inspect-1.12.3.tgz#ba62dffd67ee256c8c086dfae69e016cd1f198b9"
  integrity sha512-geUvdk7c+eizMNUDkRpW1wJwgfOiOeHbxBR/hLXK1aT6zmVSO0jsQcs7fj6MGw89jC/cjGfLcNOrtMYtGqm81g==

on-finished@2.4.1:
  version "2.4.1"
  resolved "https://registry.yarnpkg.com/on-finished/-/on-finished-2.4.1.tgz#58c8c44116e54845ad57f14ab10b03533184ac3f"
  integrity sha512-oVlzkg3ENAhCk2zdv7IJwd/QUD4z2RxRwpkcGY8psCVcCYZNq4wYnVWALHM+brtuJjePWiYF/ClmuDr8Ch5+kg==
  dependencies:
    ee-first "1.1.1"

peek-readable@^4.1.0:
  version "4.1.0"
  resolved "https://registry.yarnpkg.com/peek-readable/-/peek-readable-4.1.0.tgz#4ece1111bf5c2ad8867c314c81356847e8a62e72"
  integrity sha512-ZI3LnwUv5nOGbQzD9c2iDG6toheuXSZP5esSHBjopsXH4dg19soufvpUGA3uohi5anFtGb2lhAVdHzH6R/Evvg==

picocolors@^1.0.0:
  version "1.0.0"
  resolved "https://registry.yarnpkg.com/picocolors/-/picocolors-1.0.0.tgz#cb5bdc74ff3f51892236eaf79d68bc44564ab81c"
  integrity sha512-1fygroTLlHu66zi26VoTDv8yRgm0Fccecssto+MhsZ0D/DGW2sm8E8AjW7NU5VVTRt5GxbeZ5qBuJr+HyLYkjQ==

postcss@8.4.14:
  version "8.4.14"
  resolved "https://registry.yarnpkg.com/postcss/-/postcss-8.4.14.tgz#ee9274d5622b4858c1007a74d76e42e56fd21caf"
  integrity sha512-E398TUmfAYFPBSdzgeieK2Y1+1cpdxJx8yXbK/m57nRhKSmk1GB2tO4lbLBtlkfPQTDKfe4Xqv1ASWPpayPEig==
  dependencies:
    nanoid "^3.3.4"
    picocolors "^1.0.0"
    source-map-js "^1.0.2"

prettier@^2.8.7:
  version "2.8.7"
  resolved "https://registry.yarnpkg.com/prettier/-/prettier-2.8.7.tgz#bb79fc8729308549d28fe3a98fce73d2c0656450"
  integrity sha512-yPngTo3aXUUmyuTjeTUT75txrf+aMh9FiD7q9ZE/i6r0bPb22g4FsE6Y338PQX1bmfy08i9QQCB7/rcUAVntfw==

promise-polyfill@^8.1.3:
  version "8.3.0"
  resolved "https://registry.yarnpkg.com/promise-polyfill/-/promise-polyfill-8.3.0.tgz#9284810268138d103807b11f4e23d5e945a4db63"
  integrity sha512-H5oELycFml5yto/atYqmjyigJoAo3+OXwolYiH7OfQuYlAqhxNvTfiNMbV9hsC6Yp83yE5r2KTVmtrG6R9i6Pg==

qs@6.11.0:
  version "6.11.0"
  resolved "https://registry.yarnpkg.com/qs/-/qs-6.11.0.tgz#fd0d963446f7a65e1367e01abd85429453f0c37a"
  integrity sha512-MvjoMCJwEarSbUYk5O+nmoSzSutSsTwF85zcHPQ9OrlFoZOYIjaqBAJIqIXjptyD5vThxGq52Xu/MaJzRkIk4Q==
  dependencies:
    side-channel "^1.0.4"

raw-body@2.5.2:
  version "2.5.2"
  resolved "https://registry.yarnpkg.com/raw-body/-/raw-body-2.5.2.tgz#99febd83b90e08975087e8f1f9419a149366b68a"
  integrity sha512-8zGqypfENjCIqGhgXToC8aB2r7YrBX+AQAfIPs/Mlk+BtPTztOvTS01NRW/3Eh60J+a48lt8qsCzirQ6loCVfA==
  dependencies:
    bytes "3.1.2"
    http-errors "2.0.0"
    iconv-lite "0.4.24"
    unpipe "1.0.0"

react-dom@18.2.0:
  version "18.2.0"
  resolved "https://registry.yarnpkg.com/react-dom/-/react-dom-18.2.0.tgz#22aaf38708db2674ed9ada224ca4aa708d821e3d"
  integrity sha512-6IMTriUmvsjHUjNtEDudZfuDQUoWXVxKHhlEGSk81n4YFS+r/Kl99wXiwlVXtPBtJenozv2P+hxDsw9eA7Xo6g==
  dependencies:
    loose-envify "^1.1.0"
    scheduler "^0.23.0"

react@18.2.0:
  version "18.2.0"
  resolved "https://registry.yarnpkg.com/react/-/react-18.2.0.tgz#555bd98592883255fa00de14f1151a917b5d77d5"
  integrity sha512-/3IjMdb2L9QbBdWiW5e3P2/npwMBaU9mHCSCUzNln0ZCYbcfTsGbTJrU/kGemdH2IWmB2ioZ+zkxtmq6g09fGQ==
  dependencies:
    loose-envify "^1.1.0"

readable-stream@^3.6.0:
  version "3.6.2"
  resolved "https://registry.yarnpkg.com/readable-stream/-/readable-stream-3.6.2.tgz#56a9b36ea965c00c5a93ef31eb111a0f11056967"
  integrity sha512-9u/sniCrY3D5WdsERHzHE4G2YCXqoG5FTHUiCC4SIbr6XcLZBY05ya9EKjYek9O5xOAwjGq+1JdGBAS7Q9ScoA==
  dependencies:
    inherits "^2.0.3"
    string_decoder "^1.1.1"
    util-deprecate "^1.0.1"

readable-web-to-node-stream@^3.0.0:
  version "3.0.2"
  resolved "https://registry.yarnpkg.com/readable-web-to-node-stream/-/readable-web-to-node-stream-3.0.2.tgz#5d52bb5df7b54861fd48d015e93a2cb87b3ee0bb"
  integrity sha512-ePeK6cc1EcKLEhJFt/AebMCLL+GgSKhuygrZ/GLaKZYEecIgIECf4UaUuaByiGtzckwR4ain9VzUh95T1exYGw==
  dependencies:
    readable-stream "^3.6.0"

safe-buffer@~5.2.0:
  version "5.2.1"
  resolved "https://registry.yarnpkg.com/safe-buffer/-/safe-buffer-5.2.1.tgz#1eaf9fa9bdb1fdd4ec75f58f9cdb4e6b7827eec6"
  integrity sha512-rp3So07KcdmmKbGvgaNxQSJr7bGVSVk5S9Eq1F+ppbRo70+YeaDxkw5Dd8NPN+GD6bjnYm2VuPuCXmpuYvmCXQ==

"safer-buffer@>= 2.1.2 < 3":
  version "2.1.2"
  resolved "https://registry.yarnpkg.com/safer-buffer/-/safer-buffer-2.1.2.tgz#44fa161b0187b9549dd84bb91802f9bd8385cd6a"
  integrity sha512-YZo3K82SD7Riyi0E1EQPojLz7kpepnSQI9IyPbHHg1XXXevb5dJI7tpyN2ADxGcQbHG7vcyRHk0cbwqcQriUtg==

scheduler@^0.23.0:
  version "0.23.0"
  resolved "https://registry.yarnpkg.com/scheduler/-/scheduler-0.23.0.tgz#ba8041afc3d30eb206a487b6b384002e4e61fdfe"
  integrity sha512-CtuThmgHNg7zIZWAXi3AsyIzA3n4xx7aNyjwC2VJldO2LMVDhFK+63xGqq6CsJH4rTAt6/M+N4GhZiDYPx9eUw==
  dependencies:
    loose-envify "^1.1.0"

setprototypeof@1.2.0:
  version "1.2.0"
  resolved "https://registry.yarnpkg.com/setprototypeof/-/setprototypeof-1.2.0.tgz#66c9a24a73f9fc28cbe66b09fed3d33dcaf1b424"
  integrity sha512-E5LDX7Wrp85Kil5bhZv46j8jOeboKq5JMmYM3gVGdGH8xFpPWXUMsNrlODCrkoxMEeNi/XZIwuRvY4XNwYMJpw==

side-channel@^1.0.4:
  version "1.0.4"
  resolved "https://registry.yarnpkg.com/side-channel/-/side-channel-1.0.4.tgz#efce5c8fdc104ee751b25c58d4290011fa5ea2cf"
  integrity sha512-q5XPytqFEIKHkGdiMIrY10mvLRvnQh42/+GoBlFW3b2LXLE2xxJpZFdm94we0BaoV3RwJyGqg5wS7epxTv0Zvw==
  dependencies:
    call-bind "^1.0.0"
    get-intrinsic "^1.0.2"
    object-inspect "^1.9.0"

source-map-js@^1.0.2:
  version "1.0.2"
  resolved "https://registry.yarnpkg.com/source-map-js/-/source-map-js-1.0.2.tgz#adbc361d9c62df380125e7f161f71c826f1e490c"
  integrity sha512-R0XvVJ9WusLiqTCEiGCmICCMplcCkIwwR11mOSD9CR5u+IXYdiseeEuXCVAjS54zqwkLcPNnmU4OeJ6tUrWhDw==

statuses@2.0.1:
  version "2.0.1"
  resolved "https://registry.yarnpkg.com/statuses/-/statuses-2.0.1.tgz#55cb000ccf1d48728bd23c685a063998cf1a1b63"
  integrity sha512-RwNA9Z/7PrK06rYLIzFMlaF+l73iwpzsqRIFgbMLbTcLD6cOao82TaWefPXQvB2fOC4AjuYSEndS7N/mTCbkdQ==

string_decoder@^1.1.1:
  version "1.3.0"
  resolved "https://registry.yarnpkg.com/string_decoder/-/string_decoder-1.3.0.tgz#42f114594a46cf1a8e30b0a84f56c78c3edac21e"
  integrity sha512-hkRX8U1WjJFd8LsDJ2yQ/wWWxaopEsABU1XfkM8A+j0+85JAGppt16cr1Whg6KIbb4okU6Mql6BOj+uup/wKeA==
  dependencies:
    safe-buffer "~5.2.0"

strtok3@^6.2.4:
  version "6.3.0"
  resolved "https://registry.yarnpkg.com/strtok3/-/strtok3-6.3.0.tgz#358b80ffe6d5d5620e19a073aa78ce947a90f9a0"
  integrity sha512-fZtbhtvI9I48xDSywd/somNqgUHl2L2cstmXCCif0itOf96jeW18MBSyrLuNicYQVkvpOxkZtkzujiTJ9LW5Jw==
  dependencies:
    "@tokenizer/token" "^0.3.0"
    peek-readable "^4.1.0"

styled-jsx@5.1.1:
  version "5.1.1"
  resolved "https://registry.yarnpkg.com/styled-jsx/-/styled-jsx-5.1.1.tgz#839a1c3aaacc4e735fed0781b8619ea5d0009d1f"
  integrity sha512-pW7uC1l4mBZ8ugbiZrcIsiIvVx1UmTfw7UkC3Um2tmfUq9Bhk8IiyEIPl6F8agHgjzku6j0xQEZbfA5uSgSaCw==
  dependencies:
    client-only "0.0.1"

tiny-sha256@^1.0.2:
  version "1.0.2"
  resolved "https://registry.yarnpkg.com/tiny-sha256/-/tiny-sha256-1.0.2.tgz#3b20a75f77097dcec1af513f5189c26ec2f54992"
  integrity sha512-IdsPtu8eJ0SwuCWUFm2euFH3jJvtpGQC0VpZNZlqxRvQ2zGvSjbXDO+4T8Rm5ETsmCQHHvKUGds69bJYrlb3Tg==

toidentifier@1.0.1:
  version "1.0.1"
  resolved "https://registry.yarnpkg.com/toidentifier/-/toidentifier-1.0.1.tgz#3be34321a88a820ed1bd80dfaa33e479fbb8dd35"
  integrity sha512-o5sSPKEkg/DIQNmH43V0/uerLrpzVedkUh8tGNvaeXpfpuwjKenlSox/2O/BTlZUtEe+JG7s5YhEz608PlAHRA==

token-types@^4.1.1:
  version "4.2.1"
  resolved "https://registry.yarnpkg.com/token-types/-/token-types-4.2.1.tgz#0f897f03665846982806e138977dbe72d44df753"
  integrity sha512-6udB24Q737UD/SDsKAHI9FCRP7Bqc9D/MQUV02ORQg5iskjtLJlZJNdN4kKtcdtwCeWIwIHDGaUsTsCCAa8sFQ==
  dependencies:
    "@tokenizer/token" "^0.3.0"
    ieee754 "^1.2.1"

tslib@^2.3.0, tslib@^2.4.0:
  version "2.5.0"
  resolved "https://registry.yarnpkg.com/tslib/-/tslib-2.5.0.tgz#42bfed86f5787aeb41d031866c8f402429e0fddf"
  integrity sha512-336iVw3rtn2BUK7ORdIAHTyxHGRIHVReokCR3XjbckJMK7ms8FysBfhLR8IXnAgy7T0PTPNBWKiH514FOW/WSg==

type-is@~1.6.18:
  version "1.6.18"
  resolved "https://registry.yarnpkg.com/type-is/-/type-is-1.6.18.tgz#4e552cd05df09467dcbc4ef739de89f2cf37c131"
  integrity sha512-TkRKr9sUTxEH8MdfuCSP7VizJyzRNMjj2J2do2Jr3Kym598JVdEksuzPQCnlFPW4ky9Q+iA+ma9BGm06XQBy8g==
  dependencies:
    media-typer "0.3.0"
    mime-types "~2.1.24"

typescript@5.0.2:
  version "5.0.2"
  resolved "https://registry.yarnpkg.com/typescript/-/typescript-5.0.2.tgz#891e1a90c5189d8506af64b9ef929fca99ba1ee5"
  integrity sha512-wVORMBGO/FAs/++blGNeAVdbNKtIh1rbBL2EyQ1+J9lClJ93KiiKe8PmFIVdXhHcyv44SL9oglmfeSsndo0jRw==

unpipe@1.0.0:
  version "1.0.0"
  resolved "https://registry.yarnpkg.com/unpipe/-/unpipe-1.0.0.tgz#b2bf4ee8514aae6165b4817829d21b2ef49904ec"
  integrity sha512-pjy2bYhSsufwWlKwPc+l3cN7+wuJlK6uz0YdJEOlQDbl6jo/YlPi4mb8agUkVC8BF7V8NuzeyPNqRksA3hztKQ==

util-deprecate@^1.0.1:
  version "1.0.2"
  resolved "https://registry.yarnpkg.com/util-deprecate/-/util-deprecate-1.0.2.tgz#450d4dc9fa70de732762fbd2d4a28981419a0ccf"
  integrity sha512-EPD5q1uXyFxJpCrLnCc1nHnq3gOa6DZBocAIiI2TaSCA7VCJ1UJDMagCzIkXNsUYfD1daK//LTEQ8xiIbrHtcw==

whatwg-fetch@^3.0.0:
  version "3.6.2"
  resolved "https://registry.yarnpkg.com/whatwg-fetch/-/whatwg-fetch-3.6.2.tgz#dced24f37f2624ed0281725d51d0e2e3fe677f8c"
  integrity sha512-bJlen0FcuU/0EMLrdbJ7zOnW6ITZLrZMIarMUVmdKtsGvZna8vxKYaexICWPfZ8qwf9fzNq+UEIZrnSaApt6RA==
